uuid: a79874ff-0683-4d5d-8120-a02fd3baf9c8
langcode: en
status: true
dependencies:
  module:
    - customized
  theme:
    - olivero
id: olivero_helloblock
theme: olivero
region: content
weight: 0
provider: null
plugin: hello_block
settings:
  id: hello_block
  label: 'Hello Block'
  label_display: visible
  provider: customized
visibility: {  }
